{
  "lockfileVersion": 1,
  "configVersion": 1,
  "workspaces": {
    "": {
      "name": "hm-back",
      "dependencies": {
        "bree": "^9.2.9",
        "hono": "^4.11.9",
        "lightweight-charts": "^5.1.0",
        "uuid": "^13.0.0",
        "zod": "^4.3.6",
      },
      "devDependencies": {
        "@types/bun": "latest",
      },
    },
  },
  "packages": {
    "@breejs/later": ["@breejs/later@4.2.0", "", {}, "sha512-EVMD0SgJtOuFeg0lAVbCwa+qeTKILb87jqvLyUtQswGD9+ce2nB52Y5zbTF1Hc0MDFfbydcMcxb47jSdhikVHA=="],

    "@types/bun": ["@types/bun@1.3.9", "", { "dependencies": { "bun-types": "1.3.9" } }, "sha512-KQ571yULOdWJiMH+RIWIOZ7B2RXQGpL1YQrBtLIV3FqDcCu6FsbFUBwhdKUlCKUpS3PJDsHlJ1QKlpxoVR+xtw=="],

    "@types/node": ["@types/node@25.2.3", "", { "dependencies": { "undici-types": "~7.16.0" } }, "sha512-m0jEgYlYz+mDJZ2+F4v8D1AyQb+QzsNqRuI7xg1VQX/KlKS0qT9r1Mo16yo5F/MtifXFgaofIFsdFMox2SxIbQ=="],

    "bree": ["bree@9.2.9", "", { "dependencies": { "@breejs/later": "^4.2.0", "combine-errors": "^3.0.3", "cron-validate": "^1.5.3", "human-interval": "^2.0.1", "is-invalid-path": "^0.1.0", "ms": "^2.1.3", "p-wait-for": "3", "safe-timers": "^1.1.0" } }, "sha512-LGAU0iJXRZp146SweBB37Xm44z4jCmsuD97W73747KpeZXYKcO8Vj3Th7xPeeTVmxCGzaV8KaMMtRAXCoujdBA=="],

    "bun-types": ["bun-types@1.3.9", "", { "dependencies": { "@types/node": "*" } }, "sha512-+UBWWOakIP4Tswh0Bt0QD0alpTY8cb5hvgiYeWCMet9YukHbzuruIEeXC2D7nMJPB12kbh8C7XJykSexEqGKJg=="],

    "combine-errors": ["combine-errors@3.0.3", "", { "dependencies": { "custom-error-instance": "2.1.1", "lodash.uniqby": "4.5.0" } }, "sha512-C8ikRNRMygCwaTx+Ek3Yr+OuZzgZjduCOfSQBjbM8V3MfgcjSTeto/GXP6PAwKvJz/v15b7GHZvx5rOlczFw/Q=="],

    "cron-validate": ["cron-validate@1.5.3", "", { "dependencies": { "yup": "1.7.1" } }, "sha512-jcu8g/3wZL8OBr4MkEcbeIdLpM8pp5Y6UoOlRktcJG3WjgpifijR0s26Yac7ywR0gC2ABtevOsz5mlD3l3gzwA=="],

    "custom-error-instance": ["custom-error-instance@2.1.1", "", {}, "sha512-p6JFxJc3M4OTD2li2qaHkDCw9SfMw82Ldr6OC9Je1aXiGfhx2W8p3GaoeaGrPJTUN9NirTM/KTxHWMUdR1rsUg=="],

    "fancy-canvas": ["fancy-canvas@2.1.0", "", {}, "sha512-nifxXJ95JNLFR2NgRV4/MxVP45G9909wJTEKz5fg/TZS20JJZA6hfgRVh/bC9bwl2zBtBNcYPjiBE4njQHVBwQ=="],

    "hono": ["hono@4.11.9", "", {}, "sha512-Eaw2YTGM6WOxA6CXbckaEvslr2Ne4NFsKrvc0v97JD5awbmeBLO5w9Ho9L9kmKonrwF9RJlW6BxT1PVv/agBHQ=="],

    "human-interval": ["human-interval@2.0.1", "", { "dependencies": { "numbered": "^1.1.0" } }, "sha512-r4Aotzf+OtKIGQCB3odUowy4GfUDTy3aTWTfLd7ZF2gBCy3XW3v/dJLRefZnOFFnjqs5B1TypvS8WarpBkYUNQ=="],

    "is-extglob": ["is-extglob@1.0.0", "", {}, "sha512-7Q+VbVafe6x2T+Tu6NcOf6sRklazEPmBoB3IWk3WdGZM2iGUwU/Oe3Wtq5lSEkDTTlpp8yx+5t4pzO/i9Ty1ww=="],

    "is-glob": ["is-glob@2.0.1", "", { "dependencies": { "is-extglob": "^1.0.0" } }, "sha512-a1dBeB19NXsf/E0+FHqkagizel/LQw2DjSQpvQrj3zT+jYPpaUCryPnrQajXKFLCMuf4I6FhRpaGtw4lPrG6Eg=="],

    "is-invalid-path": ["is-invalid-path@0.1.0", "", { "dependencies": { "is-glob": "^2.0.0" } }, "sha512-aZMG0T3F34mTg4eTdszcGXx54oiZ4NtHSft3hWNJMGJXUUqdIj3cOZuHcU0nCWWcY3jd7yRe/3AEm3vSNTpBGQ=="],

    "lightweight-charts": ["lightweight-charts@5.1.0", "", { "dependencies": { "fancy-canvas": "2.1.0" } }, "sha512-jEAYR4ODYeyNZcWUigsoLTl52rbPmgXnvd5FLIv/ZoA/2sSDw63YKnef8n4yhzum7W926yHeFwlm7ididKb7YQ=="],

    "lodash._baseiteratee": ["lodash._baseiteratee@4.7.0", "", { "dependencies": { "lodash._stringtopath": "~4.8.0" } }, "sha512-nqB9M+wITz0BX/Q2xg6fQ8mLkyfF7MU7eE+MNBNjTHFKeKaZAPEzEg+E8LWxKWf1DQVflNEn9N49yAuqKh2mWQ=="],

    "lodash._basetostring": ["lodash._basetostring@4.12.0", "", {}, "sha512-SwcRIbyxnN6CFEEK4K1y+zuApvWdpQdBHM/swxP962s8HIxPO3alBH5t3m/dl+f4CMUug6sJb7Pww8d13/9WSw=="],

    "lodash._baseuniq": ["lodash._baseuniq@4.6.0", "", { "dependencies": { "lodash._createset": "~4.0.0", "lodash._root": "~3.0.0" } }, "sha512-Ja1YevpHZctlI5beLA7oc5KNDhGcPixFhcqSiORHNsp/1QTv7amAXzw+gu4YOvErqVlMVyIJGgtzeepCnnur0A=="],

    "lodash._createset": ["lodash._createset@4.0.3", "", {}, "sha512-GTkC6YMprrJZCYU3zcqZj+jkXkrXzq3IPBcF/fIPpNEAB4hZEtXU8zp/RwKOvZl43NUmwDbyRk3+ZTbeRdEBXA=="],

    "lodash._root": ["lodash._root@3.0.1", "", {}, "sha512-O0pWuFSK6x4EXhM1dhZ8gchNtG7JMqBtrHdoUFUWXD7dJnNSUze1GuyQr5sOs0aCvgGeI3o/OJW8f4ca7FDxmQ=="],

    "lodash._stringtopath": ["lodash._stringtopath@4.8.0", "", { "dependencies": { "lodash._basetostring": "~4.12.0" } }, "sha512-SXL66C731p0xPDC5LZg4wI5H+dJo/EO4KTqOMwLYCH3+FmmfAKJEZCm6ohGpI+T1xwsDsJCfL4OnhorllvlTPQ=="],

    "lodash.uniqby": ["lodash.uniqby@4.5.0", "", { "dependencies": { "lodash._baseiteratee": "~4.7.0", "lodash._baseuniq": "~4.6.0" } }, "sha512-IRt7cfTtHy6f1aRVA5n7kT8rgN3N1nH6MOWLcHfpWG2SH19E3JksLK38MktLxZDhlAjCP9jpIXkOnRXlu6oByQ=="],

    "ms": ["ms@2.1.3", "", {}, "sha512-6FlzubTLZG3J2a/NVCAleEhjzq5oxgHyaCU9yYXvcLsvoVaHJq/s5xXI6/XXP6tz7R9xAOtHnSO/tXtF3WRTlA=="],

    "numbered": ["numbered@1.1.0", "", {}, "sha512-pv/ue2Odr7IfYOO0byC1KgBI10wo5YDauLhxY6/saNzAdAs0r1SotGCPzzCLNPL0xtrAwWRialLu23AAu9xO1g=="],

    "p-finally": ["p-finally@1.0.0", "", {}, "sha512-LICb2p9CB7FS+0eR1oqWnHhp0FljGLZCWBE9aix0Uye9W8LTQPwMTYVGWQWIw9RdQiDg4+epXQODwIYJtSJaow=="],

    "p-timeout": ["p-timeout@3.2.0", "", { "dependencies": { "p-finally": "^1.0.0" } }, "sha512-rhIwUycgwwKcP9yTOOFK/AKsAopjjCakVqLHePO3CC6Mir1Z99xT+R63jZxAT5lFZLa2inS5h+ZS2GvR99/FBg=="],

    "p-wait-for": ["p-wait-for@3.2.0", "", { "dependencies": { "p-timeout": "^3.0.0" } }, "sha512-wpgERjNkLrBiFmkMEjuZJEWKKDrNfHCKA1OhyN1wg1FrLkULbviEy6py1AyJUgZ72YWFbZ38FIpnqvVqAlDUwA=="],

    "property-expr": ["property-expr@2.0.6", "", {}, "sha512-SVtmxhRE/CGkn3eZY1T6pC8Nln6Fr/lu1mKSgRud0eC73whjGfoAogbn78LkD8aFL0zz3bAFerKSnOl7NlErBA=="],

    "safe-timers": ["safe-timers@1.1.0", "", {}, "sha512-9aqY+v5eMvmRaluUEtdRThV1EjlSElzO7HuCj0sTW9xvp++8iJ9t/RWGNWV6/WHcUJLHpyT2SNf/apoKTU2EpA=="],

    "tiny-case": ["tiny-case@1.0.3", "", {}, "sha512-Eet/eeMhkO6TX8mnUteS9zgPbUMQa4I6Kkp5ORiBD5476/m+PIRiumP5tmh5ioJpH7k51Kehawy2UDfsnxxY8Q=="],

    "toposort": ["toposort@2.0.2", "", {}, "sha512-0a5EOkAUp8D4moMi2W8ZF8jcga7BgZd91O/yabJCFY8az+XSzeGyTKs0Aoo897iV1Nj6guFq8orWDS96z91oGg=="],

    "type-fest": ["type-fest@2.19.0", "", {}, "sha512-RAH822pAdBgcNMAfWnCBU3CFZcfZ/i1eZjwFU/dsLKumyuuP3niueg2UAukXYF0E2AAoc82ZSSf9J0WQBinzHA=="],

    "undici-types": ["undici-types@7.16.0", "", {}, "sha512-Zz+aZWSj8LE6zoxD+xrjh4VfkIG8Ya6LvYkZqtUQGJPZjYl53ypCaUwWqo7eI0x66KBGeRo+mlBEkMSeSZ38Nw=="],

    "uuid": ["uuid@13.0.0", "", { "bin": { "uuid": "dist-node/bin/uuid" } }, "sha512-XQegIaBTVUjSHliKqcnFqYypAd4S+WCYt5NIeRs6w/UAry7z8Y9j5ZwRRL4kzq9U3sD6v+85er9FvkEaBpji2w=="],

    "yup": ["yup@1.7.1", "", { "dependencies": { "property-expr": "^2.0.5", "tiny-case": "^1.0.3", "toposort": "^2.0.2", "type-fest": "^2.19.0" } }, "sha512-GKHFX2nXul2/4Dtfxhozv701jLQHdf6J34YDh2cEkpqoo8le5Mg6/LrdseVLrFarmFygZTlfIhHx/QKfb/QWXw=="],

    "zod": ["zod@4.3.6", "", {}, "sha512-rftlrkhHZOcjDwkGlnUtZZkvaPHCsDATp4pGpuOOMDaTdDDXF91wuVDJoWoPsKX/3YPQ5fHuF3STjcYyKr+Qhg=="],
  }
}
